{
  "originHash" : "de52879098e62dfdc6d2f3ee86a57cec60782ebfc08f8b80a43c1f37386a3976",
  "pins" : [
    {
      "identity" : "objc-runtime-tools",
      "kind" : "remoteSourceControl",
      "location" : "https://github.com/davdroman/objc-runtime-tools",
      "state" : {
        "revision" : "c05d245cbb8d289a6bbc184fd2d1605b70ec65f3",
        "version" : "0.1.0"
      }
    },
    {
      "identity" : "swift-custom-dump",
      "kind" : "remoteSourceControl",
      "location" : "https://github.com/pointfreeco/swift-custom-dump",
      "state" : {
        "revision" : "82645ec760917961cfa08c9c0c7104a57a0fa4b1",
        "version" : "1.3.3"
      }
    },
    {
      "identity" : "swift-once-macro",
      "kind" : "remoteSourceControl",
      "location" : "https://github.com/davdroman/swift-once-macro",
      "state" : {
        "revision" : "2bfa91668d16723902cdc558c1a736e8787c91c6",
        "version" : "1.0.0"
      }
    },
    {
      "identity" : "swift-syntax",
      "kind" : "remoteSourceControl",
      "location" : "https://github.com/swiftlang/swift-syntax",
      "state" : {
        "revision" : "f99ae8aa18f0cf0d53481901f88a0991dc3bd4a2",
        "version" : "601.0.1"
      }
    },
    {
      "identity" : "swiftui-introspect",
      "kind" : "remoteSourceControl",
      "location" : "https://github.com/siteline/swiftui-introspect",
      "state" : {
        "revision" : "807f73ce09a9b9723f12385e592b4e0aaebd3336",
        "version" : "1.3.0"
      }
    },
    {
      "identity" : "xctest-dynamic-overlay",
      "kind" : "remoteSourceControl",
      "location" : "https://github.com/pointfreeco/xctest-dynamic-overlay",
      "state" : {
        "revision" : "b2ed9eabefe56202ee4939dd9fc46b6241c88317",
        "version" : "1.6.1"
      }
    }
  ],
  "version" : 3
}
