// !$*UTF8*$!
{
	archiveVersion = 1;
	classes = {
	};
	objectVersion = 56;
	objects = {

/* Begin PBXBuildFile section */
		D5535823290E9692009E5D72 /* Assets.xcassets in Resources */ = {isa = PBXBuildFile; fileRef = D5535822290E9692009E5D72 /* Assets.xcassets */; };
		D5535826290E9692009E5D72 /* Preview Assets.xcassets in Resources */ = {isa = PBXBuildFile; fileRef = D5535825290E9692009E5D72 /* Preview Assets.xcassets */; };
		D5535834290E9718009E5D72 /* Swing.swift in Sources */ = {isa = PBXBuildFile; fileRef = D553582C290E9718009E5D72 /* Swing.swift */; };
		D5535835290E9718009E5D72 /* RootView.swift in Sources */ = {isa = PBXBuildFile; fileRef = D553582D290E9718009E5D72 /* RootView.swift */; };
		D5535836290E9718009E5D72 /* SceneDelegate.swift in Sources */ = {isa = PBXBuildFile; fileRef = D553582E290E9718009E5D72 /* SceneDelegate.swift */; };
		D5535837290E9718009E5D72 /* LaunchScreen.storyboard in Resources */ = {isa = PBXBuildFile; fileRef = D553582F290E9718009E5D72 /* LaunchScreen.storyboard */; platformFilter = ios; };
		D5535839290E9718009E5D72 /* AppDelegate.swift in Sources */ = {isa = PBXBuildFile; fileRef = D5535831290E9718009E5D72 /* AppDelegate.swift */; };
		D553583F290E97C5009E5D72 /* NavigationTransitions in Frameworks */ = {isa = PBXBuildFile; productRef = D553583E290E97C5009E5D72 /* NavigationTransitions */; };
		D5535843290F4BEA009E5D72 /* AppView.swift in Sources */ = {isa = PBXBuildFile; fileRef = D5535842290F4BEA009E5D72 /* AppView.swift */; };
		D5535845290F52F7009E5D72 /* SettingsView.swift in Sources */ = {isa = PBXBuildFile; fileRef = D5535844290F52F7009E5D72 /* SettingsView.swift */; };
		D5535847290F5E6F009E5D72 /* AppState.swift in Sources */ = {isa = PBXBuildFile; fileRef = D5535846290F5E6F009E5D72 /* AppState.swift */; };
		D5755A79291ADC00007F2201 /* Zoom.swift in Sources */ = {isa = PBXBuildFile; fileRef = D5755A78291ADC00007F2201 /* Zoom.swift */; };
		D58D803F292176D200D9FEAE /* Flip.swift in Sources */ = {isa = PBXBuildFile; fileRef = D58D803E292176D200D9FEAE /* Flip.swift */; };
		D5AAF4052911C59E009743D3 /* PageView.swift in Sources */ = {isa = PBXBuildFile; fileRef = D5AAF4042911C59E009743D3 /* PageView.swift */; };
		D5AAF4072911C621009743D3 /* Pages.swift in Sources */ = {isa = PBXBuildFile; fileRef = D5AAF4062911C621009743D3 /* Pages.swift */; };
/* End PBXBuildFile section */

/* Begin PBXFileReference section */
		D553581B290E9691009E5D72 /* Demo.app */ = {isa = PBXFileReference; explicitFileType = wrapper.application; includeInIndex = 0; path = Demo.app; sourceTree = BUILT_PRODUCTS_DIR; };
		D5535822290E9692009E5D72 /* Assets.xcassets */ = {isa = PBXFileReference; lastKnownFileType = folder.assetcatalog; path = Assets.xcassets; sourceTree = "<group>"; };
		D5535825290E9692009E5D72 /* Preview Assets.xcassets */ = {isa = PBXFileReference; lastKnownFileType = folder.assetcatalog; path = "Preview Assets.xcassets"; sourceTree = "<group>"; };
		D553582C290E9718009E5D72 /* Swing.swift */ = {isa = PBXFileReference; fileEncoding = 4; lastKnownFileType = sourcecode.swift; path = Swing.swift; sourceTree = "<group>"; };
		D553582D290E9718009E5D72 /* RootView.swift */ = {isa = PBXFileReference; fileEncoding = 4; lastKnownFileType = sourcecode.swift; path = RootView.swift; sourceTree = "<group>"; };
		D553582E290E9718009E5D72 /* SceneDelegate.swift */ = {isa = PBXFileReference; fileEncoding = 4; lastKnownFileType = sourcecode.swift; path = SceneDelegate.swift; sourceTree = "<group>"; };
		D553582F290E9718009E5D72 /* LaunchScreen.storyboard */ = {isa = PBXFileReference; fileEncoding = 4; lastKnownFileType = file.storyboard; path = LaunchScreen.storyboard; sourceTree = "<group>"; };
		D5535831290E9718009E5D72 /* AppDelegate.swift */ = {isa = PBXFileReference; fileEncoding = 4; lastKnownFileType = sourcecode.swift; path = AppDelegate.swift; sourceTree = "<group>"; };
		D553583C290E978C009E5D72 /* Info.plist */ = {isa = PBXFileReference; lastKnownFileType = text.plist; path = Info.plist; sourceTree = "<group>"; };
		D5535842290F4BEA009E5D72 /* AppView.swift */ = {isa = PBXFileReference; lastKnownFileType = sourcecode.swift; path = AppView.swift; sourceTree = "<group>"; };
		D5535844290F52F7009E5D72 /* SettingsView.swift */ = {isa = PBXFileReference; lastKnownFileType = sourcecode.swift; path = SettingsView.swift; sourceTree = "<group>"; };
		D5535846290F5E6F009E5D72 /* AppState.swift */ = {isa = PBXFileReference; lastKnownFileType = sourcecode.swift; path = AppState.swift; sourceTree = "<group>"; };
		D571826B291C9426003672F5 /* Demo.entitlements */ = {isa = PBXFileReference; lastKnownFileType = text.plist.entitlements; path = Demo.entitlements; sourceTree = "<group>"; };
		D5755A78291ADC00007F2201 /* Zoom.swift */ = {isa = PBXFileReference; lastKnownFileType = sourcecode.swift; path = Zoom.swift; sourceTree = "<group>"; };
		D58D803E292176D200D9FEAE /* Flip.swift */ = {isa = PBXFileReference; lastKnownFileType = sourcecode.swift; path = Flip.swift; sourceTree = "<group>"; };
		D5AAF4042911C59E009743D3 /* PageView.swift */ = {isa = PBXFileReference; lastKnownFileType = sourcecode.swift; path = PageView.swift; sourceTree = "<group>"; };
		D5AAF4062911C621009743D3 /* Pages.swift */ = {isa = PBXFileReference; lastKnownFileType = sourcecode.swift; path = Pages.swift; sourceTree = "<group>"; };
/* End PBXFileReference section */

/* Begin PBXFrameworksBuildPhase section */
		D5535818290E9691009E5D72 /* Frameworks */ = {
			isa = PBXFrameworksBuildPhase;
			buildActionMask = 2147483647;
			files = (
				D553583F290E97C5009E5D72 /* NavigationTransitions in Frameworks */,
			);
			runOnlyForDeploymentPostprocessing = 0;
		};
/* End PBXFrameworksBuildPhase section */

/* Begin PBXGroup section */
		D5535812290E9691009E5D72 = {
			isa = PBXGroup;
			children = (
				D553581D290E9691009E5D72 /* Demo */,
				D553581C290E9691009E5D72 /* Products */,
				D553583D290E97C5009E5D72 /* Frameworks */,
			);
			sourceTree = "<group>";
		};
		D553581C290E9691009E5D72 /* Products */ = {
			isa = PBXGroup;
			children = (
				D553581B290E9691009E5D72 /* Demo.app */,
			);
			name = Products;
			sourceTree = "<group>";
		};
		D553581D290E9691009E5D72 /* Demo */ = {
			isa = PBXGroup;
			children = (
				D571826B291C9426003672F5 /* Demo.entitlements */,
				D553583C290E978C009E5D72 /* Info.plist */,
				D553582F290E9718009E5D72 /* LaunchScreen.storyboard */,
				D5535831290E9718009E5D72 /* AppDelegate.swift */,
				D553582E290E9718009E5D72 /* SceneDelegate.swift */,
				D5535842290F4BEA009E5D72 /* AppView.swift */,
				D5535846290F5E6F009E5D72 /* AppState.swift */,
				D553582D290E9718009E5D72 /* RootView.swift */,
				D5AAF4062911C621009743D3 /* Pages.swift */,
				D5AAF4042911C59E009743D3 /* PageView.swift */,
				D5535844290F52F7009E5D72 /* SettingsView.swift */,
				D58D8040292176EE00D9FEAE /* Custom Transitions */,
				D5535822290E9692009E5D72 /* Assets.xcassets */,
				D5535824290E9692009E5D72 /* Preview Content */,
			);
			path = Demo;
			sourceTree = "<group>";
		};
		D5535824290E9692009E5D72 /* Preview Content */ = {
			isa = PBXGroup;
			children = (
				D5535825290E9692009E5D72 /* Preview Assets.xcassets */,
			);
			path = "Preview Content";
			sourceTree = "<group>";
		};
		D553583D290E97C5009E5D72 /* Frameworks */ = {
			isa = PBXGroup;
			children = (
			);
			name = Frameworks;
			sourceTree = "<group>";
		};
		D58D8040292176EE00D9FEAE /* Custom Transitions */ = {
			isa = PBXGroup;
			children = (
				D58D803E292176D200D9FEAE /* Flip.swift */,
				D553582C290E9718009E5D72 /* Swing.swift */,
				D5755A78291ADC00007F2201 /* Zoom.swift */,
			);
			path = "Custom Transitions";
			sourceTree = "<group>";
		};
/* End PBXGroup section */

/* Begin PBXNativeTarget section */
		D553581A290E9691009E5D72 /* Demo */ = {
			isa = PBXNativeTarget;
			buildConfigurationList = D5535829290E9692009E5D72 /* Build configuration list for PBXNativeTarget "Demo" */;
			buildPhases = (
				D5535817290E9691009E5D72 /* Sources */,
				D5535818290E9691009E5D72 /* Frameworks */,
				D5535819290E9691009E5D72 /* Resources */,
			);
			buildRules = (
			);
			dependencies = (
			);
			name = Demo;
			packageProductDependencies = (
				D553583E290E97C5009E5D72 /* NavigationTransitions */,
			);
			productName = Demo;
			productReference = D553581B290E9691009E5D72 /* Demo.app */;
			productType = "com.apple.product-type.application";
		};
/* End PBXNativeTarget section */

/* Begin PBXProject section */
		D5535813290E9691009E5D72 /* Project object */ = {
			isa = PBXProject;
			attributes = {
				BuildIndependentTargetsInParallel = 1;
				LastSwiftUpdateCheck = 1410;
				LastUpgradeCheck = 1410;
				TargetAttributes = {
					D553581A290E9691009E5D72 = {
						CreatedOnToolsVersion = 14.1;
						LastSwiftMigration = 1410;
					};
				};
			};
			buildConfigurationList = D5535816290E9691009E5D72 /* Build configuration list for PBXProject "Demo" */;
			compatibilityVersion = "Xcode 14.0";
			developmentRegion = en;
			hasScannedForEncodings = 0;
			knownRegions = (
				en,
				Base,
			);
			mainGroup = D5535812290E9691009E5D72;
			packageReferences = (
			);
			productRefGroup = D553581C290E9691009E5D72 /* Products */;
			projectDirPath = "";
			projectRoot = "";
			targets = (
				D553581A290E9691009E5D72 /* Demo */,
			);
		};
/* End PBXProject section */

/* Begin PBXResourcesBuildPhase section */
		D5535819290E9691009E5D72 /* Resources */ = {
			isa = PBXResourcesBuildPhase;
			buildActionMask = 2147483647;
			files = (
				D5535837290E9718009E5D72 /* LaunchScreen.storyboard in Resources */,
				D5535826290E9692009E5D72 /* Preview Assets.xcassets in Resources */,
				D5535823290E9692009E5D72 /* Assets.xcassets in Resources */,
			);
			runOnlyForDeploymentPostprocessing = 0;
		};
/* End PBXResourcesBuildPhase section */

/* Begin PBXSourcesBuildPhase section */
		D5535817290E9691009E5D72 /* Sources */ = {
			isa = PBXSourcesBuildPhase;
			buildActionMask = 2147483647;
			files = (
				D5AAF4072911C621009743D3 /* Pages.swift in Sources */,
				D5535845290F52F7009E5D72 /* SettingsView.swift in Sources */,
				D5755A79291ADC00007F2201 /* Zoom.swift in Sources */,
				D58D803F292176D200D9FEAE /* Flip.swift in Sources */,
				D5AAF4052911C59E009743D3 /* PageView.swift in Sources */,
				D5535839290E9718009E5D72 /* AppDelegate.swift in Sources */,
				D5535847290F5E6F009E5D72 /* AppState.swift in Sources */,
				D5535843290F4BEA009E5D72 /* AppView.swift in Sources */,
				D5535835290E9718009E5D72 /* RootView.swift in Sources */,
				D5535834290E9718009E5D72 /* Swing.swift in Sources */,
				D5535836290E9718009E5D72 /* SceneDelegate.swift in Sources */,
			);
			runOnlyForDeploymentPostprocessing = 0;
		};
/* End PBXSourcesBuildPhase section */

/* Begin XCBuildConfiguration section */
		D5535827290E9692009E5D72 /* Debug */ = {
			isa = XCBuildConfiguration;
			buildSettings = {
				ALWAYS_SEARCH_USER_PATHS = NO;
				CLANG_ANALYZER_NONNULL = YES;
				CLANG_ANALYZER_NUMBER_OBJECT_CONVERSION = YES_AGGRESSIVE;
				CLANG_CXX_LANGUAGE_STANDARD = "gnu++20";
				CLANG_ENABLE_MODULES = YES;
				CLANG_ENABLE_OBJC_ARC = YES;
				CLANG_ENABLE_OBJC_WEAK = YES;
				CLANG_WARN_BLOCK_CAPTURE_AUTORELEASING = YES;
				CLANG_WARN_BOOL_CONVERSION = YES;
				CLANG_WARN_COMMA = YES;
				CLANG_WARN_CONSTANT_CONVERSION = YES;
				CLANG_WARN_DEPRECATED_OBJC_IMPLEMENTATIONS = YES;
				CLANG_WARN_DIRECT_OBJC_ISA_USAGE = YES_ERROR;
				CLANG_WARN_DOCUMENTATION_COMMENTS = YES;
				CLANG_WARN_EMPTY_BODY = YES;
				CLANG_WARN_ENUM_CONVERSION = YES;
				CLANG_WARN_INFINITE_RECURSION = YES;
				CLANG_WARN_INT_CONVERSION = YES;
				CLANG_WARN_NON_LITERAL_NULL_CONVERSION = YES;
				CLANG_WARN_OBJC_IMPLICIT_RETAIN_SELF = YES;
				CLANG_WARN_OBJC_LITERAL_CONVERSION = YES;
				CLANG_WARN_OBJC_ROOT_CLASS = YES_ERROR;
				CLANG_WARN_QUOTED_INCLUDE_IN_FRAMEWORK_HEADER = YES;
				CLANG_WARN_RANGE_LOOP_ANALYSIS = YES;
				CLANG_WARN_STRICT_PROTOTYPES = YES;
				CLANG_WARN_SUSPICIOUS_MOVE = YES;
				CLANG_WARN_UNGUARDED_AVAILABILITY = YES_AGGRESSIVE;
				CLANG_WARN_UNREACHABLE_CODE = YES;
				CLANG_WARN__DUPLICATE_METHOD_MATCH = YES;
				COPY_PHASE_STRIP = NO;
				DEBUG_INFORMATION_FORMAT = dwarf;
				ENABLE_STRICT_OBJC_MSGSEND = YES;
				ENABLE_TESTABILITY = YES;
				GCC_C_LANGUAGE_STANDARD = gnu11;
				GCC_DYNAMIC_NO_PIC = NO;
				GCC_NO_COMMON_BLOCKS = YES;
				GCC_OPTIMIZATION_LEVEL = 0;
				GCC_PREPROCESSOR_DEFINITIONS = (
					"DEBUG=1",
					"$(inherited)",
				);
				GCC_WARN_64_TO_32_BIT_CONVERSION = YES;
				GCC_WARN_ABOUT_RETURN_TYPE = YES_ERROR;
				GCC_WARN_UNDECLARED_SELECTOR = YES;
				GCC_WARN_UNINITIALIZED_AUTOS = YES_AGGRESSIVE;
				GCC_WARN_UNUSED_FUNCTION = YES;
				GCC_WARN_UNUSED_VARIABLE = YES;
				IPHONEOS_DEPLOYMENT_TARGET = 13.0;
				MTL_ENABLE_DEBUG_INFO = INCLUDE_SOURCE;
				MTL_FAST_MATH = YES;
				ONLY_ACTIVE_ARCH = YES;
				SDKROOT = iphoneos;
				SWIFT_ACTIVE_COMPILATION_CONDITIONS = DEBUG;
				SWIFT_OPTIMIZATION_LEVEL = "-Onone";
				TVOS_DEPLOYMENT_TARGET = 13.0;
			};
			name = Debug;
		};
		D5535828290E9692009E5D72 /* Release */ = {
			isa = XCBuildConfiguration;
			buildSettings = {
				ALWAYS_SEARCH_USER_PATHS = NO;
				CLANG_ANALYZER_NONNULL = YES;
				CLANG_ANALYZER_NUMBER_OBJECT_CONVERSION = YES_AGGRESSIVE;
				CLANG_CXX_LANGUAGE_STANDARD = "gnu++20";
				CLANG_ENABLE_MODULES = YES;
				CLANG_ENABLE_OBJC_ARC = YES;
				CLANG_ENABLE_OBJC_WEAK = YES;
				CLANG_WARN_BLOCK_CAPTURE_AUTORELEASING = YES;
				CLANG_WARN_BOOL_CONVERSION = YES;
				CLANG_WARN_COMMA = YES;
				CLANG_WARN_CONSTANT_CONVERSION = YES;
				CLANG_WARN_DEPRECATED_OBJC_IMPLEMENTATIONS = YES;
				CLANG_WARN_DIRECT_OBJC_ISA_USAGE = YES_ERROR;
				CLANG_WARN_DOCUMENTATION_COMMENTS = YES;
				CLANG_WARN_EMPTY_BODY = YES;
				CLANG_WARN_ENUM_CONVERSION = YES;
				CLANG_WARN_INFINITE_RECURSION = YES;
				CLANG_WARN_INT_CONVERSION = YES;
				CLANG_WARN_NON_LITERAL_NULL_CONVERSION = YES;
				CLANG_WARN_OBJC_IMPLICIT_RETAIN_SELF = YES;
				CLANG_WARN_OBJC_LITERAL_CONVERSION = YES;
				CLANG_WARN_OBJC_ROOT_CLASS = YES_ERROR;
				CLANG_WARN_QUOTED_INCLUDE_IN_FRAMEWORK_HEADER = YES;
				CLANG_WARN_RANGE_LOOP_ANALYSIS = YES;
				CLANG_WARN_STRICT_PROTOTYPES = YES;
				CLANG_WARN_SUSPICIOUS_MOVE = YES;
				CLANG_WARN_UNGUARDED_AVAILABILITY = YES_AGGRESSIVE;
				CLANG_WARN_UNREACHABLE_CODE = YES;
				CLANG_WARN__DUPLICATE_METHOD_MATCH = YES;
				COPY_PHASE_STRIP = NO;
				DEBUG_INFORMATION_FORMAT = "dwarf-with-dsym";
				ENABLE_NS_ASSERTIONS = NO;
				ENABLE_STRICT_OBJC_MSGSEND = YES;
				GCC_C_LANGUAGE_STANDARD = gnu11;
				GCC_NO_COMMON_BLOCKS = YES;
				GCC_WARN_64_TO_32_BIT_CONVERSION = YES;
				GCC_WARN_ABOUT_RETURN_TYPE = YES_ERROR;
				GCC_WARN_UNDECLARED_SELECTOR = YES;
				GCC_WARN_UNINITIALIZED_AUTOS = YES_AGGRESSIVE;
				GCC_WARN_UNUSED_FUNCTION = YES;
				GCC_WARN_UNUSED_VARIABLE = YES;
				IPHONEOS_DEPLOYMENT_TARGET = 13.0;
				MTL_ENABLE_DEBUG_INFO = NO;
				MTL_FAST_MATH = YES;
				SDKROOT = iphoneos;
				SWIFT_COMPILATION_MODE = wholemodule;
				SWIFT_OPTIMIZATION_LEVEL = "-O";
				TVOS_DEPLOYMENT_TARGET = 13.0;
				VALIDATE_PRODUCT = YES;
			};
			name = Release;
		};
		D553582A290E9692009E5D72 /* Debug */ = {
			isa = XCBuildConfiguration;
			buildSettings = {
				ASSETCATALOG_COMPILER_APPICON_NAME = AppIcon;
				ASSETCATALOG_COMPILER_GLOBAL_ACCENT_COLOR_NAME = AccentColor;
				CLANG_ENABLE_MODULES = YES;
				CODE_SIGN_ENTITLEMENTS = Demo/Demo.entitlements;
				CODE_SIGN_STYLE = Automatic;
				CURRENT_PROJECT_VERSION = 1;
				DEVELOPMENT_ASSET_PATHS = "\"Demo/Preview Content\"";
				DEVELOPMENT_TEAM = 26CPNYHDUU;
				ENABLE_PREVIEWS = YES;
				GENERATE_INFOPLIST_FILE = YES;
				INFOPLIST_FILE = Demo/Info.plist;
				INFOPLIST_KEY_UIApplicationSupportsIndirectInputEvents = YES;
				INFOPLIST_KEY_UILaunchScreen_Generation = YES;
				INFOPLIST_KEY_UILaunchStoryboardName = LaunchScreen.storyboard;
				INFOPLIST_KEY_UISupportedInterfaceOrientations_iPad = "UIInterfaceOrientationPortrait UIInterfaceOrientationPortraitUpsideDown UIInterfaceOrientationLandscapeLeft UIInterfaceOrientationLandscapeRight";
				INFOPLIST_KEY_UISupportedInterfaceOrientations_iPhone = "UIInterfaceOrientationPortrait UIInterfaceOrientationLandscapeLeft UIInterfaceOrientationLandscapeRight";
				INFOPLIST_KEY_UIUserInterfaceStyle = Light;
				LD_RUNPATH_SEARCH_PATHS = (
					"$(inherited)",
					"@executable_path/Frameworks",
				);
				MARKETING_VERSION = 1.0;
				PRODUCT_BUNDLE_IDENTIFIER = mn.dro.Demo;
				PRODUCT_NAME = "$(TARGET_NAME)";
				SUPPORTED_PLATFORMS = "appletvos appletvsimulator iphoneos iphonesimulator";
				SUPPORTS_MACCATALYST = YES;
				SUPPORTS_MAC_DESIGNED_FOR_IPHONE_IPAD = NO;
				SWIFT_EMIT_LOC_STRINGS = YES;
				SWIFT_OPTIMIZATION_LEVEL = "-Onone";
				SWIFT_VERSION = 5.0;
				TARGETED_DEVICE_FAMILY = "1,2,3";
			};
			name = Debug;
		};
		D553582B290E9692009E5D72 /* Release */ = {
			isa = XCBuildConfiguration;
			buildSettings = {
				ASSETCATALOG_COMPILER_APPICON_NAME = AppIcon;
				ASSETCATALOG_COMPILER_GLOBAL_ACCENT_COLOR_NAME = AccentColor;
				CLANG_ENABLE_MODULES = YES;
				CODE_SIGN_ENTITLEMENTS = Demo/Demo.entitlements;
				CODE_SIGN_STYLE = Automatic;
				CURRENT_PROJECT_VERSION = 1;
				DEVELOPMENT_ASSET_PATHS = "\"Demo/Preview Content\"";
				DEVELOPMENT_TEAM = 26CPNYHDUU;
				ENABLE_PREVIEWS = YES;
				GENERATE_INFOPLIST_FILE = YES;
				INFOPLIST_FILE = Demo/Info.plist;
				INFOPLIST_KEY_UIApplicationSupportsIndirectInputEvents = YES;
				INFOPLIST_KEY_UILaunchScreen_Generation = YES;
				INFOPLIST_KEY_UILaunchStoryboardName = LaunchScreen.storyboard;
				INFOPLIST_KEY_UISupportedInterfaceOrientations_iPad = "UIInterfaceOrientationPortrait UIInterfaceOrientationPortraitUpsideDown UIInterfaceOrientationLandscapeLeft UIInterfaceOrientationLandscapeRight";
				INFOPLIST_KEY_UISupportedInterfaceOrientations_iPhone = "UIInterfaceOrientationPortrait UIInterfaceOrientationLandscapeLeft UIInterfaceOrientationLandscapeRight";
				INFOPLIST_KEY_UIUserInterfaceStyle = Light;
				LD_RUNPATH_SEARCH_PATHS = (
					"$(inherited)",
					"@executable_path/Frameworks",
				);
				MARKETING_VERSION = 1.0;
				PRODUCT_BUNDLE_IDENTIFIER = mn.dro.Demo;
				PRODUCT_NAME = "$(TARGET_NAME)";
				SUPPORTED_PLATFORMS = "appletvos appletvsimulator iphoneos iphonesimulator";
				SUPPORTS_MACCATALYST = YES;
				SUPPORTS_MAC_DESIGNED_FOR_IPHONE_IPAD = NO;
				SWIFT_EMIT_LOC_STRINGS = YES;
				SWIFT_VERSION = 5.0;
				TARGETED_DEVICE_FAMILY = "1,2,3";
			};
			name = Release;
		};
/* End XCBuildConfiguration section */

/* Begin XCConfigurationList section */
		D5535816290E9691009E5D72 /* Build configuration list for PBXProject "Demo" */ = {
			isa = XCConfigurationList;
			buildConfigurations = (
				D5535827290E9692009E5D72 /* Debug */,
				D5535828290E9692009E5D72 /* Release */,
			);
			defaultConfigurationIsVisible = 0;
			defaultConfigurationName = Release;
		};
		D5535829290E9692009E5D72 /* Build configuration list for PBXNativeTarget "Demo" */ = {
			isa = XCConfigurationList;
			buildConfigurations = (
				D553582A290E9692009E5D72 /* Debug */,
				D553582B290E9692009E5D72 /* Release */,
			);
			defaultConfigurationIsVisible = 0;
			defaultConfigurationName = Release;
		};
/* End XCConfigurationList section */

/* Begin XCSwiftPackageProductDependency section */
		D553583E290E97C5009E5D72 /* NavigationTransitions */ = {
			isa = XCSwiftPackageProductDependency;
			productName = NavigationTransitions;
		};
/* End XCSwiftPackageProductDependency section */
	};
	rootObject = D5535813290E9691009E5D72 /* Project object */;
}
